// !$*UTF8*$!
{
	archiveVersion = 1;
	classes = {
	};
	objectVersion = 46;
	objects = {

/* Begin PBXBuildFile section */
		57A0A14319FBAF4800F8F171 /* main.m in Sources */ = {isa = PBXBuildFile; fileRef = 57A0A14219FBAF4800F8F171 /* main.m */; };
		57A0A14619FBAF4800F8F171 /* AppDelegate.m in Sources */ = {isa = PBXBuildFile; fileRef = 57A0A14519FBAF4800F8F171 /* AppDelegate.m */; };
		57A0A14919FBAF4800F8F171 /* travelphoto.xcdatamodeld in Sources */ = {isa = PBXBuildFile; fileRef = 57A0A14719FBAF4800F8F171 /* travelphoto.xcdatamodeld */; };
		57A0A14C19FBAF4800F8F171 /* ViewController.m in Sources */ = {isa = PBXBuildFile; fileRef = 57A0A14B19FBAF4800F8F171 /* ViewController.m */; };
		57A0A14F19FBAF4800F8F171 /* Main.storyboard in Resources */ = {isa = PBXBuildFile; fileRef = 57A0A14D19FBAF4800F8F171 /* Main.storyboard */; };
		57A0A15119FBAF4800F8F171 /* Images.xcassets in Resources */ = {isa = PBXBuildFile; fileRef = 57A0A15019FBAF4800F8F171 /* Images.xcassets */; };
		57A0A15419FBAF4800F8F171 /* LaunchScreen.xib in Resources */ = {isa = PBXBuildFile; fileRef = 57A0A15219FBAF4800F8F171 /* LaunchScreen.xib */; };
		57A0A16019FBAF4800F8F171 /* travelphotoTests.m in Sources */ = {isa = PBXBuildFile; fileRef = 57A0A15F19FBAF4800F8F171 /* travelphotoTests.m */; };
/* End PBXBuildFile section */

/* Begin PBXContainerItemProxy section */
		57A0A15A19FBAF4800F8F171 /* PBXContainerItemProxy */ = {
			isa = PBXContainerItemProxy;
			containerPortal = 57A0A13519FBAF4800F8F171 /* Project object */;
			proxyType = 1;
			remoteGlobalIDString = 57A0A13C19FBAF4800F8F171;
			remoteInfo = travelphoto;
		};
/* End PBXContainerItemProxy section */

/* Begin PBXFileReference section */
		57A0A13D19FBAF4800F8F171 /* travelphoto.app */ = {isa = PBXFileReference; explicitFileType = wrapper.application; includeInIndex = 0; path = travelphoto.app; sourceTree = BUILT_PRODUCTS_DIR; };
		57A0A14119FBAF4800F8F171 /* Info.plist */ = {isa = PBXFileReference; lastKnownFileType = text.plist.xml; path = Info.plist; sourceTree = "<group>"; };
		57A0A14219FBAF4800F8F171 /* main.m */ = {isa = PBXFileReference; lastKnownFileType = sourcecode.c.objc; path = main.m; sourceTree = "<group>"; };
		57A0A14419FBAF4800F8F171 /* AppDelegate.h */ = {isa = PBXFileReference; lastKnownFileType = sourcecode.c.h; path = AppDelegate.h; sourceTree = "<group>"; };
		57A0A14519FBAF4800F8F171 /* AppDelegate.m */ = {isa = PBXFileReference; lastKnownFileType = sourcecode.c.objc; path = AppDelegate.m; sourceTree = "<group>"; };
		57A0A14819FBAF4800F8F171 /* travelphoto.xcdatamodel */ = {isa = PBXFileReference; lastKnownFileType = wrapper.xcdatamodel; path = travelphoto.xcdatamodel; sourceTree = "<group>"; };
		57A0A14A19FBAF4800F8F171 /* ViewController.h */ = {isa = PBXFileReference; lastKnownFileType = sourcecode.c.h; path = ViewController.h; sourceTree = "<group>"; };
		57A0A14B19FBAF4800F8F171 /* ViewController.m */ = {isa = PBXFileReference; lastKnownFileType = sourcecode.c.objc; path = ViewController.m; sourceTree = "<group>"; };
		57A0A14E19FBAF4800F8F171 /* Base */ = {isa = PBXFileReference; lastKnownFileType = file.storyboard; name = Base; path = Base.lproj/Main.storyboard; sourceTree = "<group>"; };
		57A0A15019FBAF4800F8F171 /* Images.xcassets */ = {isa = PBXFileReference; lastKnownFileType = folder.assetcatalog; path = Images.xcassets; sourceTree = "<group>"; };
		57A0A15319FBAF4800F8F171 /* Base */ = {isa = PBXFileReference; lastKnownFileType = file.xib; name = Base; path = Base.lproj/LaunchScreen.xib; sourceTree = "<group>"; };
		57A0A15919FBAF4800F8F171 /* travelphotoTests.xctest */ = {isa = PBXFileReference; explicitFileType = wrapper.cfbundle; includeInIndex = 0; path = travelphotoTests.xctest; sourceTree = BUILT_PRODUCTS_DIR; };
		57A0A15E19FBAF4800F8F171 /* Info.plist */ = {isa = PBXFileReference; lastKnownFileType = text.plist.xml; path = Info.plist; sourceTree = "<group>"; };
		57A0A15F19FBAF4800F8F171 /* travelphotoTests.m */ = {isa = PBXFileReference; lastKnownFileType = sourcecode.c.objc; path = travelphotoTests.m; sourceTree = "<group>"; };
/* End PBXFileReference section */

/* Begin PBXFrameworksBuildPhase section */
		57A0A13A19FBAF4800F8F171 /* Frameworks */ = {
			isa = PBXFrameworksBuildPhase;
			buildActionMask = 2147483647;
			files = (
			);
			runOnlyForDeploymentPostprocessing = 0;
		};
		57A0A15619FBAF4800F8F171 /* Frameworks */ = {
			isa = PBXFrameworksBuildPhase;
			buildActionMask = 2147483647;
			files = (
			);
			runOnlyForDeploymentPostprocessing = 0;
		};
/* End PBXFrameworksBuildPhase section */

/* Begin PBXGroup section */
		57A0A13419FBAF4800F8F171 = {
			isa = PBXGroup;
			children = (
				57A0A13F19FBAF4800F8F171 /* travelphoto */,
				57A0A15C19FBAF4800F8F171 /* travelphotoTests */,
				57A0A13E19FBAF4800F8F171 /* Products */,
			);
			sourceTree = "<group>";
		};
		57A0A13E19FBAF4800F8F171 /* Products */ = {
			isa = PBXGroup;
			children = (
				57A0A13D19FBAF4800F8F171 /* travelphoto.app */,
				57A0A15919FBAF4800F8F171 /* travelphotoTests.xctest */,
			);
			name = Products;
			sourceTree = "<group>";
		};
		57A0A13F19FBAF4800F8F171 /* travelphoto */ = {
			isa = PBXGroup;
			children = (
				57A0A14419FBAF4800F8F171 /* AppDelegate.h */,
				57A0A14519FBAF4800F8F171 /* AppDelegate.m */,
				57A0A14A19FBAF4800F8F171 /* ViewController.h */,
				57A0A14B19FBAF4800F8F171 /* ViewController.m */,
				57A0A14D19FBAF4800F8F171 /* Main.storyboard */,
				57A0A15019FBAF4800F8F171 /* Images.xcassets */,
				57A0A15219FBAF4800F8F171 /* LaunchScreen.xib */,
				57A0A14719FBAF4800F8F171 /* travelphoto.xcdatamodeld */,
				57A0A14019FBAF4800F8F171 /* Supporting Files */,
			);
			path = travelphoto;
			sourceTree = "<group>";
		};
		57A0A14019FBAF4800F8F171 /* Supporting Files */ = {
			isa = PBXGroup;
			children = (
				57A0A14119FBAF4800F8F171 /* Info.plist */,
				57A0A14219FBAF4800F8F171 /* main.m */,
			);
			name = "Supporting Files";
			sourceTree = "<group>";
		};
		57A0A15C19FBAF4800F8F171 /* travelphotoTests */ = {
			isa = PBXGroup;
			children = (
				57A0A15F19FBAF4800F8F171 /* travelphotoTests.m */,
				57A0A15D19FBAF4800F8F171 /* Supporting Files */,
			);
			path = travelphotoTests;
			sourceTree = "<group>";
		};
		57A0A15D19FBAF4800F8F171 /* Supporting Files */ = {
			isa = PBXGroup;
			children = (
				57A0A15E19FBAF4800F8F171 /* Info.plist */,
			);
			name = "Supporting Files";
			sourceTree = "<group>";
		};
/* End PBXGroup section */

/* Begin PBXNativeTarget section */
		57A0A13C19FBAF4800F8F171 /* travelphoto */ = {
			isa = PBXNativeTarget;
			buildConfigurationList = 57A0A16319FBAF4800F8F171 /* Build configuration list for PBXNativeTarget "travelphoto" */;
			buildPhases = (
				57A0A13919FBAF4800F8F171 /* Sources */,
				57A0A13A19FBAF4800F8F171 /* Frameworks */,
				57A0A13B19FBAF4800F8F171 /* Resources */,
			);
			buildRules = (
			);
			dependencies = (
			);
			name = travelphoto;
			productName = travelphoto;
			productReference = 57A0A13D19FBAF4800F8F171 /* travelphoto.app */;
			productType = "com.apple.product-type.application";
		};
		57A0A15819FBAF4800F8F171 /* travelphotoTests */ = {
			isa = PBXNativeTarget;
			buildConfigurationList = 57A0A16619FBAF4800F8F171 /* Build configuration list for PBXNativeTarget "travelphotoTests" */;
			buildPhases = (
				57A0A15519FBAF4800F8F171 /* Sources */,
				57A0A15619FBAF4800F8F171 /* Frameworks */,
				57A0A15719FBAF4800F8F171 /* Resources */,
			);
			buildRules = (
			);
			dependencies = (
				57A0A15B19FBAF4800F8F171 /* PBXTargetDependency */,
			);
			name = travelphotoTests;
			productName = travelphotoTests;
			productReference = 57A0A15919FBAF4800F8F171 /* travelphotoTests.xctest */;
			productType = "com.apple.product-type.bundle.unit-test";
		};
/* End PBXNativeTarget section */

/* Begin PBXProject section */
		57A0A13519FBAF4800F8F171 /* Project object */ = {
			isa = PBXProject;
			attributes = {
				LastUpgradeCheck = 0610;
				ORGANIZATIONNAME = "Kakigi Katuyuki";
				TargetAttributes = {
					57A0A13C19FBAF4800F8F171 = {
						CreatedOnToolsVersion = 6.1;
					};
					57A0A15819FBAF4800F8F171 = {
						CreatedOnToolsVersion = 6.1;
						TestTargetID = 57A0A13C19FBAF4800F8F171;
					};
				};
			};
			buildConfigurationList = 57A0A13819FBAF4800F8F171 /* Build configuration list for PBXProject "travelphoto" */;
			compatibilityVersion = "Xcode 3.2";
			developmentRegion = English;
			hasScannedForEncodings = 0;
			knownRegions = (
				en,
				Base,
			);
			mainGroup = 57A0A13419FBAF4800F8F171;
			productRefGroup = 57A0A13E19FBAF4800F8F171 /* Products */;
			projectDirPath = "";
			projectRoot = "";
			targets = (
				57A0A13C19FBAF4800F8F171 /* travelphoto */,
				57A0A15819FBAF4800F8F171 /* travelphotoTests */,
			);
		};
/* End PBXProject section */

/* Begin PBXResourcesBuildPhase section */
		57A0A13B19FBAF4800F8F171 /* Resources */ = {
			isa = PBXResourcesBuildPhase;
			buildActionMask = 2147483647;
			files = (
				57A0A14F19FBAF4800F8F171 /* Main.storyboard in Resources */,
				57A0A15419FBAF4800F8F171 /* LaunchScreen.xib in Resources */,
				57A0A15119FBAF4800F8F171 /* Images.xcassets in Resources */,
			);
			runOnlyForDeploymentPostprocessing = 0;
		};
		57A0A15719FBAF4800F8F171 /* Resources */ = {
			isa = PBXResourcesBuildPhase;
			buildActionMask = 2147483647;
			files = (
			);
			runOnlyForDeploymentPostprocessing = 0;
		};
/* End PBXResourcesBuildPhase section */

/* Begin PBXSourcesBuildPhase section */
		57A0A13919FBAF4800F8F171 /* Sources */ = {
			isa = PBXSourcesBuildPhase;
			buildActionMask = 2147483647;
			files = (
				57A0A14619FBAF4800F8F171 /* AppDelegate.m in Sources */,
				57A0A14919FBAF4800F8F171 /* travelphoto.xcdatamodeld in Sources */,
				57A0A14C19FBAF4800F8F171 /* ViewController.m in Sources */,
				57A0A14319FBAF4800F8F171 /* main.m in Sources */,
			);
			runOnlyForDeploymentPostprocessing = 0;
		};
		57A0A15519FBAF4800F8F171 /* Sources */ = {
			isa = PBXSourcesBuildPhase;
			buildActionMask = 2147483647;
			files = (
				57A0A16019FBAF4800F8F171 /* travelphotoTests.m in Sources */,
			);
			runOnlyForDeploymentPostprocessing = 0;
		};
/* End PBXSourcesBuildPhase section */

/* Begin PBXTargetDependency section */
		57A0A15B19FBAF4800F8F171 /* PBXTargetDependency */ = {
			isa = PBXTargetDependency;
			target = 57A0A13C19FBAF4800F8F171 /* travelphoto */;
			targetProxy = 57A0A15A19FBAF4800F8F171 /* PBXContainerItemProxy */;
		};
/* End PBXTargetDependency section */

/* Begin PBXVariantGroup section */
		57A0A14D19FBAF4800F8F171 /* Main.storyboard */ = {
			isa = PBXVariantGroup;
			children = (
				57A0A14E19FBAF4800F8F171 /* Base */,
			);
			name = Main.storyboard;
			sourceTree = "<group>";
		};
		57A0A15219FBAF4800F8F171 /* LaunchScreen.xib */ = {
			isa = PBXVariantGroup;
			children = (
				57A0A15319FBAF4800F8F171 /* Base */,
			);
			name = LaunchScreen.xib;
			sourceTree = "<group>";
		};
/* End PBXVariantGroup section */

/* Begin XCBuildConfiguration section */
		57A0A16119FBAF4800F8F171 /* Debug */ = {
			isa = XCBuildConfiguration;
			buildSettings = {
				ALWAYS_SEARCH_USER_PATHS = NO;
				CLANG_CXX_LANGUAGE_STANDARD = "gnu++0x";
				CLANG_CXX_LIBRARY = "libc++";
				CLANG_ENABLE_MODULES = YES;
				CLANG_ENABLE_OBJC_ARC = YES;
				CLANG_WARN_BOOL_CONVERSION = YES;
				CLANG_WARN_CONSTANT_CONVERSION = YES;
				CLANG_WARN_DIRECT_OBJC_ISA_USAGE = YES_ERROR;
				CLANG_WARN_EMPTY_BODY = YES;
				CLANG_WARN_ENUM_CONVERSION = YES;
				CLANG_WARN_INT_CONVERSION = YES;
				CLANG_WARN_OBJC_ROOT_CLASS = YES_ERROR;
				CLANG_WARN_UNREACHABLE_CODE = YES;
				CLANG_WARN__DUPLICATE_METHOD_MATCH = YES;
				"CODE_SIGN_IDENTITY[sdk=iphoneos*]" = "iPhone Developer";
				COPY_PHASE_STRIP = NO;
				ENABLE_STRICT_OBJC_MSGSEND = YES;
				GCC_C_LANGUAGE_STANDARD = gnu99;
				GCC_DYNAMIC_NO_PIC = NO;
				GCC_OPTIMIZATION_LEVEL = 0;
				GCC_PREPROCESSOR_DEFINITIONS = (
					"DEBUG=1",
					"$(inherited)",
				);
				GCC_SYMBOLS_PRIVATE_EXTERN = NO;
				GCC_WARN_64_TO_32_BIT_CONVERSION = YES;
				GCC_WARN_ABOUT_RETURN_TYPE = YES_ERROR;
				GCC_WARN_UNDECLARED_SELECTOR = YES;
				GCC_WARN_UNINITIALIZED_AUTOS = YES_AGGRESSIVE;
				GCC_WARN_UNUSED_FUNCTION = YES;
				GCC_WARN_UNUSED_VARIABLE = YES;
				IPHONEOS_DEPLOYMENT_TARGET = 8.1;
				MTL_ENABLE_DEBUG_INFO = YES;
				ONLY_ACTIVE_ARCH = YES;
				SDKROOT = iphoneos;
			};
			name = Debug;
		};
		57A0A16219FBAF4800F8F171 /* Release */ = {
			isa = XCBuildConfiguration;
			buildSettings = {
				ALWAYS_SEARCH_USER_PATHS = NO;
				CLANG_CXX_LANGUAGE_STANDARD = "gnu++0x";
				CLANG_CXX_LIBRARY = "libc++";
				CLANG_ENABLE_MODULES = YES;
				CLANG_ENABLE_OBJC_ARC = YES;
				CLANG_WARN_BOOL_CONVERSION = YES;
				CLANG_WARN_CONSTANT_CONVERSION = YES;
				CLANG_WARN_DIRECT_OBJC_ISA_USAGE = YES_ERROR;
				CLANG_WARN_EMPTY_BODY = YES;
				CLANG_WARN_ENUM_CONVERSION = YES;
				CLANG_WARN_INT_CONVERSION = YES;
				CLANG_WARN_OBJC_ROOT_CLASS = YES_ERROR;
				CLANG_WARN_UNREACHABLE_CODE = YES;
				CLANG_WARN__DUPLICATE_METHOD_MATCH = YES;
				"CODE_SIGN_IDENTITY[sdk=iphoneos*]" = "iPhone Developer";
				COPY_PHASE_STRIP = YES;
				ENABLE_NS_ASSERTIONS = NO;
				ENABLE_STRICT_OBJC_MSGSEND = YES;
				GCC_C_LANGUAGE_STANDARD = gnu99;
				GCC_WARN_64_TO_32_BIT_CONVERSION = YES;
				GCC_WARN_ABOUT_RETURN_TYPE = YES_ERROR;
				GCC_WARN_UNDECLARED_SELECTOR = YES;
				GCC_WARN_UNINITIALIZED_AUTOS = YES_AGGRESSIVE;
				GCC_WARN_UNUSED_FUNCTION = YES;
				GCC_WARN_UNUSED_VARIABLE = YES;
				IPHONEOS_DEPLOYMENT_TARGET = 8.1;
				MTL_ENABLE_DEBUG_INFO = NO;
				SDKROOT = iphoneos;
				VALIDATE_PRODUCT = YES;
			};
			name = Release;
		};
		57A0A16419FBAF4800F8F171 /* Debug */ = {
			isa = XCBuildConfiguration;
			buildSettings = {
				ASSETCATALOG_COMPILER_APPICON_NAME = AppIcon;
				INFOPLIST_FILE = travelphoto/Info.plist;
				LD_RUNPATH_SEARCH_PATHS = "$(inherited) @executable_path/Frameworks";
				PRODUCT_NAME = "$(TARGET_NAME)";
			};
			name = Debug;
		};
		57A0A16519FBAF4800F8F171 /* Release */ = {
			isa = XCBuildConfiguration;
			buildSettings = {
				ASSETCATALOG_COMPILER_APPICON_NAME = AppIcon;
				INFOPLIST_FILE = travelphoto/Info.plist;
				LD_RUNPATH_SEARCH_PATHS = "$(inherited) @executable_path/Frameworks";
				PRODUCT_NAME = "$(TARGET_NAME)";
			};
			name = Release;
		};
		57A0A16719FBAF4800F8F171 /* Debug */ = {
			isa = XCBuildConfiguration;
			buildSettings = {
				BUNDLE_LOADER = "$(TEST_HOST)";
				FRAMEWORK_SEARCH_PATHS = (
					"$(SDKROOT)/Developer/Library/Frameworks",
					"$(inherited)",
				);
				GCC_PREPROCESSOR_DEFINITIONS = (
					"DEBUG=1",
					"$(inherited)",
				);
				INFOPLIST_FILE = travelphotoTests/Info.plist;
				LD_RUNPATH_SEARCH_PATHS = "$(inherited) @executable_path/Frameworks @loader_path/Frameworks";
				PRODUCT_NAME = "$(TARGET_NAME)";
				TEST_HOST = "$(BUILT_PRODUCTS_DIR)/travelphoto.app/travelphoto";
			};
			name = Debug;
		};
		57A0A16819FBAF4800F8F171 /* Release */ = {
			isa = XCBuildConfiguration;
			buildSettings = {
				BUNDLE_LOADER = "$(TEST_HOST)";
				FRAMEWORK_SEARCH_PATHS = (
					"$(SDKROOT)/Developer/Library/Frameworks",
					"$(inherited)",
				);
				INFOPLIST_FILE = travelphotoTests/Info.plist;
				LD_RUNPATH_SEARCH_PATHS = "$(inherited) @executable_path/Frameworks @loader_path/Frameworks";
				PRODUCT_NAME = "$(TARGET_NAME)";
				TEST_HOST = "$(BUILT_PRODUCTS_DIR)/travelphoto.app/travelphoto";
			};
			name = Release;
		};
/* End XCBuildConfiguration section */

/* Begin XCConfigurationList section */
		57A0A13819FBAF4800F8F171 /* Build configuration list for PBXProject "travelphoto" */ = {
			isa = XCConfigurationList;
			buildConfigurations = (
				57A0A16119FBAF4800F8F171 /* Debug */,
				57A0A16219FBAF4800F8F171 /* Release */,
			);
			defaultConfigurationIsVisible = 0;
			defaultConfigurationName = Release;
		};
		57A0A16319FBAF4800F8F171 /* Build configuration list for PBXNativeTarget "travelphoto" */ = {
			isa = XCConfigurationList;
			buildConfigurations = (
				57A0A16419FBAF4800F8F171 /* Debug */,
				57A0A16519FBAF4800F8F171 /* Release */,
			);
			defaultConfigurationIsVisible = 0;
		};
		57A0A16619FBAF4800F8F171 /* Build configuration list for PBXNativeTarget "travelphotoTests" */ = {
			isa = XCConfigurationList;
			buildConfigurations = (
				57A0A16719FBAF4800F8F171 /* Debug */,
				57A0A16819FBAF4800F8F171 /* Release */,
			);
			defaultConfigurationIsVisible = 0;
		};
/* End XCConfigurationList section */

/* Begin XCVersionGroup section */
		57A0A14719FBAF4800F8F171 /* travelphoto.xcdatamodeld */ = {
			isa = XCVersionGroup;
			children = (
				57A0A14819FBAF4800F8F171 /* travelphoto.xcdatamodel */,
			);
			currentVersion = 57A0A14819FBAF4800F8F171 /* travelphoto.xcdatamodel */;
			path = travelphoto.xcdatamodeld;
			sourceTree = "<group>";
			versionGroupType = wrapper.xcdatamodel;
		};
/* End XCVersionGroup section */
	};
	rootObject = 57A0A13519FBAF4800F8F171 /* Project object */;
}
